// !$*UTF8*$!
{
	archiveVersion = 1;
	classes = {
	};
	objectVersion = 50;
	objects = {

/* Begin PBXBuildFile section */
		CCE5A126222F2D0E00D5EA9D /* AppDelegate.swift in Sources */ = {isa = PBXBuildFile; fileRef = CCE5A125222F2D0E00D5EA9D /* AppDelegate.swift */; };
		CCE5A12D222F2D0F00D5EA9D /* Assets.xcassets in Resources */ = {isa = PBXBuildFile; fileRef = CCE5A12C222F2D0F00D5EA9D /* Assets.xcassets */; };
		CCE5A130222F2D0F00D5EA9D /* LaunchScreen.storyboard in Resources */ = {isa = PBXBuildFile; fileRef = CCE5A12E222F2D0F00D5EA9D /* LaunchScreen.storyboard */; };
		CCE5A13D222F2E1300D5EA9D /* Main.storyboard in Resources */ = {isa = PBXBuildFile; fileRef = CCE5A13A222F2E1300D5EA9D /* Main.storyboard */; };
		CCE5A13E222F2E1300D5EA9D /* Photo.storyboard in Resources */ = {isa = PBXBuildFile; fileRef = CCE5A13C222F2E1300D5EA9D /* Photo.storyboard */; };
		CCE5A143222F2E2D00D5EA9D /* IntExtention.swift in Sources */ = {isa = PBXBuildFile; fileRef = CCE5A140222F2E2D00D5EA9D /* IntExtention.swift */; };
		CCE5A144222F2E2D00D5EA9D /* UIColorExtention.swift in Sources */ = {isa = PBXBuildFile; fileRef = CCE5A141222F2E2D00D5EA9D /* UIColorExtention.swift */; };
		CCE5A145222F2E2D00D5EA9D /* UIViewControllerExtension.swift in Sources */ = {isa = PBXBuildFile; fileRef = CCE5A142222F2E2D00D5EA9D /* UIViewControllerExtension.swift */; };
		CCE5A148222F2E3D00D5EA9D /* TravelModel.swift in Sources */ = {isa = PBXBuildFile; fileRef = CCE5A147222F2E3D00D5EA9D /* TravelModel.swift */; };
		CCE5A14B222F2E4D00D5EA9D /* TravelPresenter.swift in Sources */ = {isa = PBXBuildFile; fileRef = CCE5A14A222F2E4D00D5EA9D /* TravelPresenter.swift */; };
		CCE5A151222F2E5100D5EA9D /* ItemCardView.xib in Resources */ = {isa = PBXBuildFile; fileRef = CCE5A14E222F2E5100D5EA9D /* ItemCardView.xib */; };
		CCE5A152222F2E5100D5EA9D /* ItemCardView.swift in Sources */ = {isa = PBXBuildFile; fileRef = CCE5A14F222F2E5100D5EA9D /* ItemCardView.swift */; };
		CCE5A153222F2E5100D5EA9D /* CustomViewBase.swift in Sources */ = {isa = PBXBuildFile; fileRef = CCE5A150222F2E5100D5EA9D /* CustomViewBase.swift */; };
		CCE5A157222F2E5800D5EA9D /* MainViewController.swift in Sources */ = {isa = PBXBuildFile; fileRef = CCE5A155222F2E5800D5EA9D /* MainViewController.swift */; };
		CCE5A158222F2E5800D5EA9D /* PhotoViewController.swift in Sources */ = {isa = PBXBuildFile; fileRef = CCE5A156222F2E5800D5EA9D /* PhotoViewController.swift */; };
		CCE5A15D222F32A300D5EA9D /* ViewController.swift in Sources */ = {isa = PBXBuildFile; fileRef = CCE5A15C222F32A300D5EA9D /* ViewController.swift */; };
		CCE5A15F222F32A800D5EA9D /* SubViewController.swift in Sources */ = {isa = PBXBuildFile; fileRef = CCE5A15E222F32A700D5EA9D /* SubViewController.swift */; };
/* End PBXBuildFile section */

/* Begin PBXFileReference section */
		CCE5A122222F2D0E00D5EA9D /* SwipePhotosCleanerApp.app */ = {isa = PBXFileReference; explicitFileType = wrapper.application; includeInIndex = 0; path = SwipePhotosCleanerApp.app; sourceTree = BUILT_PRODUCTS_DIR; };
		CCE5A125222F2D0E00D5EA9D /* AppDelegate.swift */ = {isa = PBXFileReference; lastKnownFileType = sourcecode.swift; path = AppDelegate.swift; sourceTree = "<group>"; };
		CCE5A12C222F2D0F00D5EA9D /* Assets.xcassets */ = {isa = PBXFileReference; lastKnownFileType = folder.assetcatalog; path = Assets.xcassets; sourceTree = "<group>"; };
		CCE5A12F222F2D0F00D5EA9D /* Base */ = {isa = PBXFileReference; lastKnownFileType = file.storyboard; name = Base; path = Base.lproj/LaunchScreen.storyboard; sourceTree = "<group>"; };
		CCE5A131222F2D0F00D5EA9D /* Info.plist */ = {isa = PBXFileReference; lastKnownFileType = text.plist.xml; path = Info.plist; sourceTree = "<group>"; };
		CCE5A13B222F2E1300D5EA9D /* Base */ = {isa = PBXFileReference; lastKnownFileType = file.storyboard; name = Base; path = Base.lproj/Main.storyboard; sourceTree = "<group>"; };
		CCE5A13C222F2E1300D5EA9D /* Photo.storyboard */ = {isa = PBXFileReference; fileEncoding = 4; lastKnownFileType = file.storyboard; path = Photo.storyboard; sourceTree = "<group>"; };
		CCE5A140222F2E2D00D5EA9D /* IntExtention.swift */ = {isa = PBXFileReference; fileEncoding = 4; lastKnownFileType = sourcecode.swift; path = IntExtention.swift; sourceTree = "<group>"; };
		CCE5A141222F2E2D00D5EA9D /* UIColorExtention.swift */ = {isa = PBXFileReference; fileEncoding = 4; lastKnownFileType = sourcecode.swift; path = UIColorExtention.swift; sourceTree = "<group>"; };
		CCE5A142222F2E2D00D5EA9D /* UIViewControllerExtension.swift */ = {isa = PBXFileReference; fileEncoding = 4; lastKnownFileType = sourcecode.swift; path = UIViewControllerExtension.swift; sourceTree = "<group>"; };
		CCE5A147222F2E3D00D5EA9D /* TravelModel.swift */ = {isa = PBXFileReference; fileEncoding = 4; lastKnownFileType = sourcecode.swift; path = TravelModel.swift; sourceTree = "<group>"; };
		CCE5A14A222F2E4D00D5EA9D /* TravelPresenter.swift */ = {isa = PBXFileReference; fileEncoding = 4; lastKnownFileType = sourcecode.swift; path = TravelPresenter.swift; sourceTree = "<group>"; };
		CCE5A14E222F2E5100D5EA9D /* ItemCardView.xib */ = {isa = PBXFileReference; fileEncoding = 4; lastKnownFileType = file.xib; path = ItemCardView.xib; sourceTree = "<group>"; };
		CCE5A14F222F2E5100D5EA9D /* ItemCardView.swift */ = {isa = PBXFileReference; fileEncoding = 4; lastKnownFileType = sourcecode.swift; path = ItemCardView.swift; sourceTree = "<group>"; };
		CCE5A150222F2E5100D5EA9D /* CustomViewBase.swift */ = {isa = PBXFileReference; fileEncoding = 4; lastKnownFileType = sourcecode.swift; path = CustomViewBase.swift; sourceTree = "<group>"; };
		CCE5A155222F2E5800D5EA9D /* MainViewController.swift */ = {isa = PBXFileReference; fileEncoding = 4; lastKnownFileType = sourcecode.swift; path = MainViewController.swift; sourceTree = "<group>"; };
		CCE5A156222F2E5800D5EA9D /* PhotoViewController.swift */ = {isa = PBXFileReference; fileEncoding = 4; lastKnownFileType = sourcecode.swift; path = PhotoViewController.swift; sourceTree = "<group>"; };
		CCE5A15C222F32A300D5EA9D /* ViewController.swift */ = {isa = PBXFileReference; fileEncoding = 4; lastKnownFileType = sourcecode.swift; path = ViewController.swift; sourceTree = "<group>"; };
		CCE5A15E222F32A700D5EA9D /* SubViewController.swift */ = {isa = PBXFileReference; fileEncoding = 4; lastKnownFileType = sourcecode.swift; path = SubViewController.swift; sourceTree = "<group>"; };
/* End PBXFileReference section */

/* Begin PBXFrameworksBuildPhase section */
		CCE5A11F222F2D0E00D5EA9D /* Frameworks */ = {
			isa = PBXFrameworksBuildPhase;
			buildActionMask = 2147483647;
			files = (
			);
			runOnlyForDeploymentPostprocessing = 0;
		};
/* End PBXFrameworksBuildPhase section */

/* Begin PBXGroup section */
		CCE5A119222F2D0E00D5EA9D = {
			isa = PBXGroup;
			children = (
				CCE5A124222F2D0E00D5EA9D /* SwipePhotosCleanerApp */,
				CCE5A123222F2D0E00D5EA9D /* Products */,
			);
			sourceTree = "<group>";
		};
		CCE5A123222F2D0E00D5EA9D /* Products */ = {
			isa = PBXGroup;
			children = (
				CCE5A122222F2D0E00D5EA9D /* SwipePhotosCleanerApp.app */,
			);
			name = Products;
			sourceTree = "<group>";
		};
		CCE5A124222F2D0E00D5EA9D /* SwipePhotosCleanerApp */ = {
			isa = PBXGroup;
			children = (
				CCE5A125222F2D0E00D5EA9D /* AppDelegate.swift */,
				CCE5A131222F2D0F00D5EA9D /* Info.plist */,
				CCE5A139222F2E1300D5EA9D /* Storyboard */,
				CCE5A12C222F2D0F00D5EA9D /* Assets.xcassets */,
				CCE5A13F222F2E2D00D5EA9D /* Extention */,
				CCE5A146222F2E3D00D5EA9D /* Model */,
				CCE5A149222F2E4D00D5EA9D /* Presenter */,
				CCE5A14C222F2E5100D5EA9D /* View */,
				CCE5A154222F2E5800D5EA9D /* ViewController */,
				CCE5A12E222F2D0F00D5EA9D /* LaunchScreen.storyboard */,
				CCE5A15B222F329100D5EA9D /* PhotoDeleteApp */,
			);
			path = SwipePhotosCleanerApp;
			sourceTree = "<group>";
		};
		CCE5A139222F2E1300D5EA9D /* Storyboard */ = {
			isa = PBXGroup;
			children = (
				CCE5A13A222F2E1300D5EA9D /* Main.storyboard */,
				CCE5A13C222F2E1300D5EA9D /* Photo.storyboard */,
			);
			path = Storyboard;
			sourceTree = "<group>";
		};
		CCE5A13F222F2E2D00D5EA9D /* Extention */ = {
			isa = PBXGroup;
			children = (
				CCE5A140222F2E2D00D5EA9D /* IntExtention.swift */,
				CCE5A141222F2E2D00D5EA9D /* UIColorExtention.swift */,
				CCE5A142222F2E2D00D5EA9D /* UIViewControllerExtension.swift */,
			);
			path = Extention;
			sourceTree = "<group>";
		};
		CCE5A146222F2E3D00D5EA9D /* Model */ = {
			isa = PBXGroup;
			children = (
				CCE5A147222F2E3D00D5EA9D /* TravelModel.swift */,
			);
			path = Model;
			sourceTree = "<group>";
		};
		CCE5A149222F2E4D00D5EA9D /* Presenter */ = {
			isa = PBXGroup;
			children = (
				CCE5A14A222F2E4D00D5EA9D /* TravelPresenter.swift */,
			);
			path = Presenter;
			sourceTree = "<group>";
		};
		CCE5A14C222F2E5100D5EA9D /* View */ = {
			isa = PBXGroup;
			children = (
				CCE5A14D222F2E5100D5EA9D /* ItemCardView */,
				CCE5A150222F2E5100D5EA9D /* CustomViewBase.swift */,
			);
			path = View;
			sourceTree = "<group>";
		};
		CCE5A14D222F2E5100D5EA9D /* ItemCardView */ = {
			isa = PBXGroup;
			children = (
				CCE5A14E222F2E5100D5EA9D /* ItemCardView.xib */,
				CCE5A14F222F2E5100D5EA9D /* ItemCardView.swift */,
			);
			path = ItemCardView;
			sourceTree = "<group>";
		};
		CCE5A154222F2E5800D5EA9D /* ViewController */ = {
			isa = PBXGroup;
			children = (
				CCE5A155222F2E5800D5EA9D /* MainViewController.swift */,
				CCE5A156222F2E5800D5EA9D /* PhotoViewController.swift */,
			);
			path = ViewController;
			sourceTree = "<group>";
		};
		CCE5A15B222F329100D5EA9D /* PhotoDeleteApp */ = {
			isa = PBXGroup;
			children = (
				CCE5A15E222F32A700D5EA9D /* SubViewController.swift */,
				CCE5A15C222F32A300D5EA9D /* ViewController.swift */,
			);
			path = PhotoDeleteApp;
			sourceTree = "<group>";
		};
/* End PBXGroup section */

/* Begin PBXNativeTarget section */
		CCE5A121222F2D0E00D5EA9D /* SwipePhotosCleanerApp */ = {
			isa = PBXNativeTarget;
			buildConfigurationList = CCE5A134222F2D0F00D5EA9D /* Build configuration list for PBXNativeTarget "SwipePhotosCleanerApp" */;
			buildPhases = (
				CCE5A11E222F2D0E00D5EA9D /* Sources */,
				CCE5A11F222F2D0E00D5EA9D /* Frameworks */,
				CCE5A120222F2D0E00D5EA9D /* Resources */,
			);
			buildRules = (
			);
			dependencies = (
			);
			name = SwipePhotosCleanerApp;
			productName = SwipePhotosCleanerApp;
			productReference = CCE5A122222F2D0E00D5EA9D /* SwipePhotosCleanerApp.app */;
			productType = "com.apple.product-type.application";
		};
/* End PBXNativeTarget section */

/* Begin PBXProject section */
		CCE5A11A222F2D0E00D5EA9D /* Project object */ = {
			isa = PBXProject;
			attributes = {
				LastSwiftUpdateCheck = 1010;
				LastUpgradeCheck = 1010;
				ORGANIZATIONNAME = amaocha;
				TargetAttributes = {
					CCE5A121222F2D0E00D5EA9D = {
						CreatedOnToolsVersion = 10.1;
					};
				};
			};
			buildConfigurationList = CCE5A11D222F2D0E00D5EA9D /* Build configuration list for PBXProject "SwipePhotosCleanerApp" */;
			compatibilityVersion = "Xcode 9.3";
			developmentRegion = en;
			hasScannedForEncodings = 0;
			knownRegions = (
				en,
				Base,
			);
			mainGroup = CCE5A119222F2D0E00D5EA9D;
			productRefGroup = CCE5A123222F2D0E00D5EA9D /* Products */;
			projectDirPath = "";
			projectRoot = "";
			targets = (
				CCE5A121222F2D0E00D5EA9D /* SwipePhotosCleanerApp */,
			);
		};
/* End PBXProject section */

/* Begin PBXResourcesBuildPhase section */
		CCE5A120222F2D0E00D5EA9D /* Resources */ = {
			isa = PBXResourcesBuildPhase;
			buildActionMask = 2147483647;
			files = (
				CCE5A130222F2D0F00D5EA9D /* LaunchScreen.storyboard in Resources */,
				CCE5A151222F2E5100D5EA9D /* ItemCardView.xib in Resources */,
				CCE5A12D222F2D0F00D5EA9D /* Assets.xcassets in Resources */,
				CCE5A13E222F2E1300D5EA9D /* Photo.storyboard in Resources */,
				CCE5A13D222F2E1300D5EA9D /* Main.storyboard in Resources */,
			);
			runOnlyForDeploymentPostprocessing = 0;
		};
/* End PBXResourcesBuildPhase section */

/* Begin PBXSourcesBuildPhase section */
		CCE5A11E222F2D0E00D5EA9D /* Sources */ = {
			isa = PBXSourcesBuildPhase;
			buildActionMask = 2147483647;
			files = (
				CCE5A144222F2E2D00D5EA9D /* UIColorExtention.swift in Sources */,
				CCE5A152222F2E5100D5EA9D /* ItemCardView.swift in Sources */,
				CCE5A143222F2E2D00D5EA9D /* IntExtention.swift in Sources */,
				CCE5A15F222F32A800D5EA9D /* SubViewController.swift in Sources */,
				CCE5A145222F2E2D00D5EA9D /* UIViewControllerExtension.swift in Sources */,
				CCE5A15D222F32A300D5EA9D /* ViewController.swift in Sources */,
				CCE5A148222F2E3D00D5EA9D /* TravelModel.swift in Sources */,
				CCE5A14B222F2E4D00D5EA9D /* TravelPresenter.swift in Sources */,
				CCE5A153222F2E5100D5EA9D /* CustomViewBase.swift in Sources */,
				CCE5A126222F2D0E00D5EA9D /* AppDelegate.swift in Sources */,
				CCE5A157222F2E5800D5EA9D /* MainViewController.swift in Sources */,
				CCE5A158222F2E5800D5EA9D /* PhotoViewController.swift in Sources */,
			);
			runOnlyForDeploymentPostprocessing = 0;
		};
/* End PBXSourcesBuildPhase section */

/* Begin PBXVariantGroup section */
		CCE5A12E222F2D0F00D5EA9D /* LaunchScreen.storyboard */ = {
			isa = PBXVariantGroup;
			children = (
				CCE5A12F222F2D0F00D5EA9D /* Base */,
			);
			name = LaunchScreen.storyboard;
			sourceTree = "<group>";
		};
		CCE5A13A222F2E1300D5EA9D /* Main.storyboard */ = {
			isa = PBXVariantGroup;
			children = (
				CCE5A13B222F2E1300D5EA9D /* Base */,
			);
			name = Main.storyboard;
			sourceTree = "<group>";
		};
/* End PBXVariantGroup section */

/* Begin XCBuildConfiguration section */
		CCE5A132222F2D0F00D5EA9D /* Debug */ = {
			isa = XCBuildConfiguration;
			buildSettings = {
				ALWAYS_SEARCH_USER_PATHS = NO;
				CLANG_ANALYZER_NONNULL = YES;
				CLANG_ANALYZER_NUMBER_OBJECT_CONVERSION = YES_AGGRESSIVE;
				CLANG_CXX_LANGUAGE_STANDARD = "gnu++14";
				CLANG_CXX_LIBRARY = "libc++";
				CLANG_ENABLE_MODULES = YES;
				CLANG_ENABLE_OBJC_ARC = YES;
				CLANG_ENABLE_OBJC_WEAK = YES;
				CLANG_WARN_BLOCK_CAPTURE_AUTORELEASING = YES;
				CLANG_WARN_BOOL_CONVERSION = YES;
				CLANG_WARN_COMMA = YES;
				CLANG_WARN_CONSTANT_CONVERSION = YES;
				CLANG_WARN_DEPRECATED_OBJC_IMPLEMENTATIONS = YES;
				CLANG_WARN_DIRECT_OBJC_ISA_USAGE = YES_ERROR;
				CLANG_WARN_DOCUMENTATION_COMMENTS = YES;
				CLANG_WARN_EMPTY_BODY = YES;
				CLANG_WARN_ENUM_CONVERSION = YES;
				CLANG_WARN_INFINITE_RECURSION = YES;
				CLANG_WARN_INT_CONVERSION = YES;
				CLANG_WARN_NON_LITERAL_NULL_CONVERSION = YES;
				CLANG_WARN_OBJC_IMPLICIT_RETAIN_SELF = YES;
				CLANG_WARN_OBJC_LITERAL_CONVERSION = YES;
				CLANG_WARN_OBJC_ROOT_CLASS = YES_ERROR;
				CLANG_WARN_RANGE_LOOP_ANALYSIS = YES;
				CLANG_WARN_STRICT_PROTOTYPES = YES;
				CLANG_WARN_SUSPICIOUS_MOVE = YES;
				CLANG_WARN_UNGUARDED_AVAILABILITY = YES_AGGRESSIVE;
				CLANG_WARN_UNREACHABLE_CODE = YES;
				CLANG_WARN__DUPLICATE_METHOD_MATCH = YES;
				CODE_SIGN_IDENTITY = "iPhone Developer";
				COPY_PHASE_STRIP = NO;
				DEBUG_INFORMATION_FORMAT = dwarf;
				ENABLE_STRICT_OBJC_MSGSEND = YES;
				ENABLE_TESTABILITY = YES;
				GCC_C_LANGUAGE_STANDARD = gnu11;
				GCC_DYNAMIC_NO_PIC = NO;
				GCC_NO_COMMON_BLOCKS = YES;
				GCC_OPTIMIZATION_LEVEL = 0;
				GCC_PREPROCESSOR_DEFINITIONS = (
					"DEBUG=1",
					"$(inherited)",
				);
				GCC_WARN_64_TO_32_BIT_CONVERSION = YES;
				GCC_WARN_ABOUT_RETURN_TYPE = YES_ERROR;
				GCC_WARN_UNDECLARED_SELECTOR = YES;
				GCC_WARN_UNINITIALIZED_AUTOS = YES_AGGRESSIVE;
				GCC_WARN_UNUSED_FUNCTION = YES;
				GCC_WARN_UNUSED_VARIABLE = YES;
				IPHONEOS_DEPLOYMENT_TARGET = 12.1;
				MTL_ENABLE_DEBUG_INFO = INCLUDE_SOURCE;
				MTL_FAST_MATH = YES;
				ONLY_ACTIVE_ARCH = YES;
				SDKROOT = iphoneos;
				SWIFT_ACTIVE_COMPILATION_CONDITIONS = DEBUG;
				SWIFT_OPTIMIZATION_LEVEL = "-Onone";
			};
			name = Debug;
		};
		CCE5A133222F2D0F00D5EA9D /* Release */ = {
			isa = XCBuildConfiguration;
			buildSettings = {
				ALWAYS_SEARCH_USER_PATHS = NO;
				CLANG_ANALYZER_NONNULL = YES;
				CLANG_ANALYZER_NUMBER_OBJECT_CONVERSION = YES_AGGRESSIVE;
				CLANG_CXX_LANGUAGE_STANDARD = "gnu++14";
				CLANG_CXX_LIBRARY = "libc++";
				CLANG_ENABLE_MODULES = YES;
				CLANG_ENABLE_OBJC_ARC = YES;
				CLANG_ENABLE_OBJC_WEAK = YES;
				CLANG_WARN_BLOCK_CAPTURE_AUTORELEASING = YES;
				CLANG_WARN_BOOL_CONVERSION = YES;
				CLANG_WARN_COMMA = YES;
				CLANG_WARN_CONSTANT_CONVERSION = YES;
				CLANG_WARN_DEPRECATED_OBJC_IMPLEMENTATIONS = YES;
				CLANG_WARN_DIRECT_OBJC_ISA_USAGE = YES_ERROR;
				CLANG_WARN_DOCUMENTATION_COMMENTS = YES;
				CLANG_WARN_EMPTY_BODY = YES;
				CLANG_WARN_ENUM_CONVERSION = YES;
				CLANG_WARN_INFINITE_RECURSION = YES;
				CLANG_WARN_INT_CONVERSION = YES;
				CLANG_WARN_NON_LITERAL_NULL_CONVERSION = YES;
				CLANG_WARN_OBJC_IMPLICIT_RETAIN_SELF = YES;
				CLANG_WARN_OBJC_LITERAL_CONVERSION = YES;
				CLANG_WARN_OBJC_ROOT_CLASS = YES_ERROR;
				CLANG_WARN_RANGE_LOOP_ANALYSIS = YES;
				CLANG_WARN_STRICT_PROTOTYPES = YES;
				CLANG_WARN_SUSPICIOUS_MOVE = YES;
				CLANG_WARN_UNGUARDED_AVAILABILITY = YES_AGGRESSIVE;
				CLANG_WARN_UNREACHABLE_CODE = YES;
				CLANG_WARN__DUPLICATE_METHOD_MATCH = YES;
				CODE_SIGN_IDENTITY = "iPhone Developer";
				COPY_PHASE_STRIP = NO;
				DEBUG_INFORMATION_FORMAT = "dwarf-with-dsym";
				ENABLE_NS_ASSERTIONS = NO;
				ENABLE_STRICT_OBJC_MSGSEND = YES;
				GCC_C_LANGUAGE_STANDARD = gnu11;
				GCC_NO_COMMON_BLOCKS = YES;
				GCC_WARN_64_TO_32_BIT_CONVERSION = YES;
				GCC_WARN_ABOUT_RETURN_TYPE = YES_ERROR;
				GCC_WARN_UNDECLARED_SELECTOR = YES;
				GCC_WARN_UNINITIALIZED_AUTOS = YES_AGGRESSIVE;
				GCC_WARN_UNUSED_FUNCTION = YES;
				GCC_WARN_UNUSED_VARIABLE = YES;
				IPHONEOS_DEPLOYMENT_TARGET = 12.1;
				MTL_ENABLE_DEBUG_INFO = NO;
				MTL_FAST_MATH = YES;
				SDKROOT = iphoneos;
				SWIFT_COMPILATION_MODE = wholemodule;
				SWIFT_OPTIMIZATION_LEVEL = "-O";
				VALIDATE_PRODUCT = YES;
			};
			name = Release;
		};
		CCE5A135222F2D0F00D5EA9D /* Debug */ = {
			isa = XCBuildConfiguration;
			buildSettings = {
				ASSETCATALOG_COMPILER_APPICON_NAME = AppIcon;
				CODE_SIGN_IDENTITY = "iPhone Developer";
				CODE_SIGN_STYLE = Automatic;
				DEVELOPMENT_TEAM = 523WDM2D3U;
				INFOPLIST_FILE = SwipePhotosCleanerApp/Info.plist;
				LD_RUNPATH_SEARCH_PATHS = (
					"$(inherited)",
					"@executable_path/Frameworks",
				);
				PRODUCT_BUNDLE_IDENTIFIER = net.shota.nishizawa.SwipePhotosCleanerApp;
				PRODUCT_NAME = "$(TARGET_NAME)";
				PROVISIONING_PROFILE_SPECIFIER = "";
				SWIFT_VERSION = 4.2;
				TARGETED_DEVICE_FAMILY = "1,2";
			};
			name = Debug;
		};
		CCE5A136222F2D0F00D5EA9D /* Release */ = {
			isa = XCBuildConfiguration;
			buildSettings = {
				ASSETCATALOG_COMPILER_APPICON_NAME = AppIcon;
				CODE_SIGN_IDENTITY = "iPhone Developer";
				CODE_SIGN_STYLE = Automatic;
				DEVELOPMENT_TEAM = 523WDM2D3U;
				INFOPLIST_FILE = SwipePhotosCleanerApp/Info.plist;
				LD_RUNPATH_SEARCH_PATHS = (
					"$(inherited)",
					"@executable_path/Frameworks",
				);
				PRODUCT_BUNDLE_IDENTIFIER = net.shota.nishizawa.SwipePhotosCleanerApp;
				PRODUCT_NAME = "$(TARGET_NAME)";
				PROVISIONING_PROFILE_SPECIFIER = "";
				SWIFT_VERSION = 4.2;
				TARGETED_DEVICE_FAMILY = "1,2";
			};
			name = Release;
		};
/* End XCBuildConfiguration section */

/* Begin XCConfigurationList section */
		CCE5A11D222F2D0E00D5EA9D /* Build configuration list for PBXProject "SwipePhotosCleanerApp" */ = {
			isa = XCConfigurationList;
			buildConfigurations = (
				CCE5A132222F2D0F00D5EA9D /* Debug */,
				CCE5A133222F2D0F00D5EA9D /* Release */,
			);
			defaultConfigurationIsVisible = 0;
			defaultConfigurationName = Release;
		};
		CCE5A134222F2D0F00D5EA9D /* Build configuration list for PBXNativeTarget "SwipePhotosCleanerApp" */ = {
			isa = XCConfigurationList;
			buildConfigurations = (
				CCE5A135222F2D0F00D5EA9D /* Debug */,
				CCE5A136222F2D0F00D5EA9D /* Release */,
			);
			defaultConfigurationIsVisible = 0;
			defaultConfigurationName = Release;
		};
/* End XCConfigurationList section */
	};
	rootObject = CCE5A11A222F2D0E00D5EA9D /* Project object */;
}
